# @generated by Move, please check-in and do not edit manually.

[move]
version = 0
manifest_digest = "F4749E5215DCF1356C8072A3381D4CFEE7D72115FDE98715664E72D533E0D5AF"
deps_digest = "112928C94A84031C09CD9B9D1D44B149B73FC0EEA5FA8D8B2D7CA4D91936335A"

dependencies = [
  { name = "Sui" },
]

[[move.package]]
name = "MoveStdlib"
source = { git = "https://github.com/MystenLabs/sui.git", rev = "framework/testnet", subdir = "crates/sui-framework/packages/move-stdlib" }

[[move.package]]
name = "Sui"
source = { git = "https://github.com/MystenLabs/sui.git", rev = "framework/testnet", subdir = "crates/sui-framework/packages/sui-framework" }

dependencies = [
  { name = "MoveStdlib" },
]
